
Microsoft Visual Studio Solution File, Format Version 10.00
# Visual Studio 2008
Project("{E24C65DC-7377-472B-9ABA-BC803B73C61A}") = "SqlServerDemo", "SqlServerDemo\", "{A1525B12-01E6-46BD-BCE4-CEABFA9A5937}"
	ProjectSection(WebsiteProperties) = preProject
		TargetFramework = "3.5"
		Debug.AspNetCompiler.VirtualPath = "/SqlServerDemo"
		Debug.AspNetCompiler.PhysicalPath = ".\SqlServerDemo\"
		Debug.AspNetCompiler.TargetPath = "PrecompiledWeb\SqlServerDemo\"
		Debug.AspNetCompiler.Updateable = "true"
		Debug.AspNetCompiler.ForceOverwrite = "true"
		Debug.AspNetCompiler.FixedNames = "false"
		Debug.AspNetCompiler.Debug = "True"
		Release.AspNetCompiler.VirtualPath = "/SqlServerDemo"
		Release.AspNetCompiler.PhysicalPath = ".\SqlServerDemo\"
		Release.AspNetCompiler.TargetPath = "PrecompiledWeb\SqlServerDemo\"
		Release.AspNetCompiler.Updateable = "true"
		Release.AspNetCompiler.ForceOverwrite = "true"
		Release.AspNetCompiler.FixedNames = "false"
		Release.AspNetCompiler.Debug = "False"
		VWDPort = "1482"
	EndProjectSection
EndProject
Global
	GlobalSection(SolutionConfigurationPlatforms) = preSolution
		Debug|Any CPU = Debug|Any CPU
	EndGlobalSection
	GlobalSection(ProjectConfigurationPlatforms) = postSolution
		{A1525B12-01E6-46BD-BCE4-CEABFA9A5937}.Debug|Any CPU.ActiveCfg = Debug|Any CPU
		{A1525B12-01E6-46BD-BCE4-CEABFA9A5937}.Debug|Any CPU.Build.0 = Debug|Any CPU
	EndGlobalSection
	GlobalSection(SolutionProperties) = preSolution
		HideSolutionNode = FALSE
	EndGlobalSection
EndGlobal
