
Microsoft Visual Studio Solution File, Format Version 10.00
# Visual Web Developer Express 2008
Project("{E24C65DC-7377-472B-9ABA-BC803B73C61A}") = "MasterDemo", ".\MasterDemo\", "{E1AEACEB-1D8B-4D98-959A-AC3E76BA0496}"
	ProjectSection(WebsiteProperties) = preProject
		TargetFramework = "3.5"
		Debug.AspNetCompiler.VirtualPath = "/MasterDemo"
		Debug.AspNetCompiler.PhysicalPath = ".\MasterDemo\"
		Debug.AspNetCompiler.TargetPath = "PrecompiledWeb\MasterDemo\"
		Debug.AspNetCompiler.Updateable = "true"
		Debug.AspNetCompiler.ForceOverwrite = "true"
		Debug.AspNetCompiler.FixedNames = "false"
		Debug.AspNetCompiler.Debug = "True"
		Release.AspNetCompiler.VirtualPath = "/MasterDemo"
		Release.AspNetCompiler.PhysicalPath = ".\MasterDemo\"
		Release.AspNetCompiler.TargetPath = "PrecompiledWeb\MasterDemo\"
		Release.AspNetCompiler.Updateable = "true"
		Release.AspNetCompiler.ForceOverwrite = "true"
		Release.AspNetCompiler.FixedNames = "false"
		Release.AspNetCompiler.Debug = "False"
		VWDPort = "1271"
	EndProjectSection
EndProject
Global
	GlobalSection(SolutionConfigurationPlatforms) = preSolution
		Debug|Any CPU = Debug|Any CPU
	EndGlobalSection
	GlobalSection(ProjectConfigurationPlatforms) = postSolution
		{E1AEACEB-1D8B-4D98-959A-AC3E76BA0496}.Debug|Any CPU.ActiveCfg = Debug|Any CPU
		{E1AEACEB-1D8B-4D98-959A-AC3E76BA0496}.Debug|Any CPU.Build.0 = Debug|Any CPU
	EndGlobalSection
	GlobalSection(SolutionProperties) = preSolution
		HideSolutionNode = FALSE
	EndGlobalSection
EndGlobal
