
Microsoft Visual Studio Solution File, Format Version 10.00
# Visual Studio 2008
Project("{FAE04EC0-301F-11D3-BF4B-00C04F79EFBC}") = "work3", "work3\work3.csproj", "{964867C4-66F4-4580-9E14-81D38899DCDC}"
EndProject
Global
	GlobalSection(SolutionConfigurationPlatforms) = preSolution
		Debug|Any CPU = Debug|Any CPU
		Release|Any CPU = Release|Any CPU
	EndGlobalSection
	GlobalSection(ProjectConfigurationPlatforms) = postSolution
		{964867C4-66F4-4580-9E14-81D38899DCDC}.Debug|Any CPU.ActiveCfg = Debug|Any CPU
		{964867C4-66F4-4580-9E14-81D38899DCDC}.Debug|Any CPU.Build.0 = Debug|Any CPU
		{964867C4-66F4-4580-9E14-81D38899DCDC}.Release|Any CPU.ActiveCfg = Release|Any CPU
		{964867C4-66F4-4580-9E14-81D38899DCDC}.Release|Any CPU.Build.0 = Release|Any CPU
	EndGlobalSection
	GlobalSection(SolutionProperties) = preSolution
		HideSolutionNode = FALSE
	EndGlobalSection
EndGlobal
